// !$*UTF8*$!
{
	archiveVersion = 1;
	classes = {
	};
	objectVersion = 46;
	objects = {

/* Begin PBXBuildFile section */
		93D1AB7E1E8E2F9C00036B4D /* main.m in Sources */ = {isa = PBXBuildFile; fileRef = 93D1AB7D1E8E2F9C00036B4D /* main.m */; };
		93D1AB811E8E2F9C00036B4D /* AppDelegate.m in Sources */ = {isa = PBXBuildFile; fileRef = 93D1AB801E8E2F9C00036B4D /* AppDelegate.m */; };
		93D1AB841E8E2F9C00036B4D /* ViewController.m in Sources */ = {isa = PBXBuildFile; fileRef = 93D1AB831E8E2F9C00036B4D /* ViewController.m */; };
		93D1AB871E8E2F9D00036B4D /* Main.storyboard in Resources */ = {isa = PBXBuildFile; fileRef = 93D1AB851E8E2F9D00036B4D /* Main.storyboard */; };
		93D1AB891E8E2F9D00036B4D /* Assets.xcassets in Resources */ = {isa = PBXBuildFile; fileRef = 93D1AB881E8E2F9D00036B4D /* Assets.xcassets */; };
		93D1AB8C1E8E2F9D00036B4D /* LaunchScreen.storyboard in Resources */ = {isa = PBXBuildFile; fileRef = 93D1AB8A1E8E2F9D00036B4D /* LaunchScreen.storyboard */; };
		93D1AB951E8E300F00036B4D /* WTCollectionViewLayout.m in Sources */ = {isa = PBXBuildFile; fileRef = 93D1AB941E8E300F00036B4D /* WTCollectionViewLayout.m */; };
/* End PBXBuildFile section */

/* Begin PBXFileReference section */
		93D1AB791E8E2F9C00036B4D /* WTCollectionView流水布局.app */ = {isa = PBXFileReference; explicitFileType = wrapper.application; includeInIndex = 0; path = "WTCollectionView流水布局.app"; sourceTree = BUILT_PRODUCTS_DIR; };
		93D1AB7D1E8E2F9C00036B4D /* main.m */ = {isa = PBXFileReference; lastKnownFileType = sourcecode.c.objc; path = main.m; sourceTree = "<group>"; };
		93D1AB7F1E8E2F9C00036B4D /* AppDelegate.h */ = {isa = PBXFileReference; lastKnownFileType = sourcecode.c.h; path = AppDelegate.h; sourceTree = "<group>"; };
		93D1AB801E8E2F9C00036B4D /* AppDelegate.m */ = {isa = PBXFileReference; lastKnownFileType = sourcecode.c.objc; path = AppDelegate.m; sourceTree = "<group>"; };
		93D1AB821E8E2F9C00036B4D /* ViewController.h */ = {isa = PBXFileReference; lastKnownFileType = sourcecode.c.h; path = ViewController.h; sourceTree = "<group>"; };
		93D1AB831E8E2F9C00036B4D /* ViewController.m */ = {isa = PBXFileReference; lastKnownFileType = sourcecode.c.objc; path = ViewController.m; sourceTree = "<group>"; };
		93D1AB861E8E2F9D00036B4D /* Base */ = {isa = PBXFileReference; lastKnownFileType = file.storyboard; name = Base; path = Base.lproj/Main.storyboard; sourceTree = "<group>"; };
		93D1AB881E8E2F9D00036B4D /* Assets.xcassets */ = {isa = PBXFileReference; lastKnownFileType = folder.assetcatalog; path = Assets.xcassets; sourceTree = "<group>"; };
		93D1AB8B1E8E2F9D00036B4D /* Base */ = {isa = PBXFileReference; lastKnownFileType = file.storyboard; name = Base; path = Base.lproj/LaunchScreen.storyboard; sourceTree = "<group>"; };
		93D1AB8D1E8E2F9D00036B4D /* Info.plist */ = {isa = PBXFileReference; lastKnownFileType = text.plist.xml; path = Info.plist; sourceTree = "<group>"; };
		93D1AB931E8E300F00036B4D /* WTCollectionViewLayout.h */ = {isa = PBXFileReference; fileEncoding = 4; lastKnownFileType = sourcecode.c.h; path = WTCollectionViewLayout.h; sourceTree = "<group>"; };
		93D1AB941E8E300F00036B4D /* WTCollectionViewLayout.m */ = {isa = PBXFileReference; fileEncoding = 4; lastKnownFileType = sourcecode.c.objc; path = WTCollectionViewLayout.m; sourceTree = "<group>"; };
/* End PBXFileReference section */

/* Begin PBXFrameworksBuildPhase section */
		93D1AB761E8E2F9C00036B4D /* Frameworks */ = {
			isa = PBXFrameworksBuildPhase;
			buildActionMask = 2147483647;
			files = (
			);
			runOnlyForDeploymentPostprocessing = 0;
		};
/* End PBXFrameworksBuildPhase section */

/* Begin PBXGroup section */
		93D1AB701E8E2F9C00036B4D = {
			isa = PBXGroup;
			children = (
				93D1AB7B1E8E2F9C00036B4D /* WTCollectionView流水布局 */,
				93D1AB7A1E8E2F9C00036B4D /* Products */,
			);
			sourceTree = "<group>";
		};
		93D1AB7A1E8E2F9C00036B4D /* Products */ = {
			isa = PBXGroup;
			children = (
				93D1AB791E8E2F9C00036B4D /* WTCollectionView流水布局.app */,
			);
			name = Products;
			sourceTree = "<group>";
		};
		93D1AB7B1E8E2F9C00036B4D /* WTCollectionView流水布局 */ = {
			isa = PBXGroup;
			children = (
				93D1AB7F1E8E2F9C00036B4D /* AppDelegate.h */,
				93D1AB801E8E2F9C00036B4D /* AppDelegate.m */,
				93D1AB821E8E2F9C00036B4D /* ViewController.h */,
				93D1AB831E8E2F9C00036B4D /* ViewController.m */,
				93D1AB931E8E300F00036B4D /* WTCollectionViewLayout.h */,
				93D1AB941E8E300F00036B4D /* WTCollectionViewLayout.m */,
				93D1AB851E8E2F9D00036B4D /* Main.storyboard */,
				93D1AB881E8E2F9D00036B4D /* Assets.xcassets */,
				93D1AB8A1E8E2F9D00036B4D /* LaunchScreen.storyboard */,
				93D1AB8D1E8E2F9D00036B4D /* Info.plist */,
				93D1AB7C1E8E2F9C00036B4D /* Supporting Files */,
			);
			path = "WTCollectionView流水布局";
			sourceTree = "<group>";
		};
		93D1AB7C1E8E2F9C00036B4D /* Supporting Files */ = {
			isa = PBXGroup;
			children = (
				93D1AB7D1E8E2F9C00036B4D /* main.m */,
			);
			name = "Supporting Files";
			sourceTree = "<group>";
		};
/* End PBXGroup section */

/* Begin PBXNativeTarget section */
		93D1AB781E8E2F9C00036B4D /* WTCollectionView流水布局 */ = {
			isa = PBXNativeTarget;
			buildConfigurationList = 93D1AB901E8E2F9D00036B4D /* Build configuration list for PBXNativeTarget "WTCollectionView流水布局" */;
			buildPhases = (
				93D1AB751E8E2F9C00036B4D /* Sources */,
				93D1AB761E8E2F9C00036B4D /* Frameworks */,
				93D1AB771E8E2F9C00036B4D /* Resources */,
			);
			buildRules = (
			);
			dependencies = (
			);
			name = "WTCollectionView流水布局";
			productName = "WTCollectionView流水布局";
			productReference = 93D1AB791E8E2F9C00036B4D /* WTCollectionView流水布局.app */;
			productType = "com.apple.product-type.application";
		};
/* End PBXNativeTarget section */

/* Begin PBXProject section */
		93D1AB711E8E2F9C00036B4D /* Project object */ = {
			isa = PBXProject;
			attributes = {
				LastUpgradeCheck = 0820;
				ORGANIZATIONNAME = "王涛";
				TargetAttributes = {
					93D1AB781E8E2F9C00036B4D = {
						CreatedOnToolsVersion = 8.2.1;
						DevelopmentTeam = 2KN6539LSM;
						ProvisioningStyle = Automatic;
					};
				};
			};
			buildConfigurationList = 93D1AB741E8E2F9C00036B4D /* Build configuration list for PBXProject "WTCollectionView流水布局" */;
			compatibilityVersion = "Xcode 3.2";
			developmentRegion = English;
			hasScannedForEncodings = 0;
			knownRegions = (
				en,
				Base,
			);
			mainGroup = 93D1AB701E8E2F9C00036B4D;
			productRefGroup = 93D1AB7A1E8E2F9C00036B4D /* Products */;
			projectDirPath = "";
			projectRoot = "";
			targets = (
				93D1AB781E8E2F9C00036B4D /* WTCollectionView流水布局 */,
			);
		};
/* End PBXProject section */

/* Begin PBXResourcesBuildPhase section */
		93D1AB771E8E2F9C00036B4D /* Resources */ = {
			isa = PBXResourcesBuildPhase;
			buildActionMask = 2147483647;
			files = (
				93D1AB8C1E8E2F9D00036B4D /* LaunchScreen.storyboard in Resources */,
				93D1AB891E8E2F9D00036B4D /* Assets.xcassets in Resources */,
				93D1AB871E8E2F9D00036B4D /* Main.storyboard in Resources */,
			);
			runOnlyForDeploymentPostprocessing = 0;
		};
/* End PBXResourcesBuildPhase section */

/* Begin PBXSourcesBuildPhase section */
		93D1AB751E8E2F9C00036B4D /* Sources */ = {
			isa = PBXSourcesBuildPhase;
			buildActionMask = 2147483647;
			files = (
				93D1AB841E8E2F9C00036B4D /* ViewController.m in Sources */,
				93D1AB811E8E2F9C00036B4D /* AppDelegate.m in Sources */,
				93D1AB7E1E8E2F9C00036B4D /* main.m in Sources */,
				93D1AB951E8E300F00036B4D /* WTCollectionViewLayout.m in Sources */,
			);
			runOnlyForDeploymentPostprocessing = 0;
		};
/* End PBXSourcesBuildPhase section */

/* Begin PBXVariantGroup section */
		93D1AB851E8E2F9D00036B4D /* Main.storyboard */ = {
			isa = PBXVariantGroup;
			children = (
				93D1AB861E8E2F9D00036B4D /* Base */,
			);
			name = Main.storyboard;
			sourceTree = "<group>";
		};
		93D1AB8A1E8E2F9D00036B4D /* LaunchScreen.storyboard */ = {
			isa = PBXVariantGroup;
			children = (
				93D1AB8B1E8E2F9D00036B4D /* Base */,
			);
			name = LaunchScreen.storyboard;
			sourceTree = "<group>";
		};
/* End PBXVariantGroup section */

/* Begin XCBuildConfiguration section */
		93D1AB8E1E8E2F9D00036B4D /* Debug */ = {
			isa = XCBuildConfiguration;
			buildSettings = {
				ALWAYS_SEARCH_USER_PATHS = NO;
				CLANG_ANALYZER_NONNULL = YES;
				CLANG_CXX_LANGUAGE_STANDARD = "gnu++0x";
				CLANG_CXX_LIBRARY = "libc++";
				CLANG_ENABLE_MODULES = YES;
				CLANG_ENABLE_OBJC_ARC = YES;
				CLANG_WARN_BOOL_CONVERSION = YES;
				CLANG_WARN_CONSTANT_CONVERSION = YES;
				CLANG_WARN_DIRECT_OBJC_ISA_USAGE = YES_ERROR;
				CLANG_WARN_DOCUMENTATION_COMMENTS = YES;
				CLANG_WARN_EMPTY_BODY = YES;
				CLANG_WARN_ENUM_CONVERSION = YES;
				CLANG_WARN_INFINITE_RECURSION = YES;
				CLANG_WARN_INT_CONVERSION = YES;
				CLANG_WARN_OBJC_ROOT_CLASS = YES_ERROR;
				CLANG_WARN_SUSPICIOUS_MOVE = YES;
				CLANG_WARN_UNREACHABLE_CODE = YES;
				CLANG_WARN__DUPLICATE_METHOD_MATCH = YES;
				"CODE_SIGN_IDENTITY[sdk=iphoneos*]" = "iPhone Developer";
				COPY_PHASE_STRIP = NO;
				DEBUG_INFORMATION_FORMAT = dwarf;
				ENABLE_STRICT_OBJC_MSGSEND = YES;
				ENABLE_TESTABILITY = YES;
				GCC_C_LANGUAGE_STANDARD = gnu99;
				GCC_DYNAMIC_NO_PIC = NO;
				GCC_NO_COMMON_BLOCKS = YES;
				GCC_OPTIMIZATION_LEVEL = 0;
				GCC_PREPROCESSOR_DEFINITIONS = (
					"DEBUG=1",
					"$(inherited)",
				);
				GCC_WARN_64_TO_32_BIT_CONVERSION = YES;
				GCC_WARN_ABOUT_RETURN_TYPE = YES_ERROR;
				GCC_WARN_UNDECLARED_SELECTOR = YES;
				GCC_WARN_UNINITIALIZED_AUTOS = YES_AGGRESSIVE;
				GCC_WARN_UNUSED_FUNCTION = YES;
				GCC_WARN_UNUSED_VARIABLE = YES;
				IPHONEOS_DEPLOYMENT_TARGET = 10.2;
				MTL_ENABLE_DEBUG_INFO = YES;
				ONLY_ACTIVE_ARCH = YES;
				SDKROOT = iphoneos;
			};
			name = Debug;
		};
		93D1AB8F1E8E2F9D00036B4D /* Release */ = {
			isa = XCBuildConfiguration;
			buildSettings = {
				ALWAYS_SEARCH_USER_PATHS = NO;
				CLANG_ANALYZER_NONNULL = YES;
				CLANG_CXX_LANGUAGE_STANDARD = "gnu++0x";
				CLANG_CXX_LIBRARY = "libc++";
				CLANG_ENABLE_MODULES = YES;
				CLANG_ENABLE_OBJC_ARC = YES;
				CLANG_WARN_BOOL_CONVERSION = YES;
				CLANG_WARN_CONSTANT_CONVERSION = YES;
				CLANG_WARN_DIRECT_OBJC_ISA_USAGE = YES_ERROR;
				CLANG_WARN_DOCUMENTATION_COMMENTS = YES;
				CLANG_WARN_EMPTY_BODY = YES;
				CLANG_WARN_ENUM_CONVERSION = YES;
				CLANG_WARN_INFINITE_RECURSION = YES;
				CLANG_WARN_INT_CONVERSION = YES;
				CLANG_WARN_OBJC_ROOT_CLASS = YES_ERROR;
				CLANG_WARN_SUSPICIOUS_MOVE = YES;
				CLANG_WARN_UNREACHABLE_CODE = YES;
				CLANG_WARN__DUPLICATE_METHOD_MATCH = YES;
				"CODE_SIGN_IDENTITY[sdk=iphoneos*]" = "iPhone Developer";
				COPY_PHASE_STRIP = NO;
				DEBUG_INFORMATION_FORMAT = "dwarf-with-dsym";
				ENABLE_NS_ASSERTIONS = NO;
				ENABLE_STRICT_OBJC_MSGSEND = YES;
				GCC_C_LANGUAGE_STANDARD = gnu99;
				GCC_NO_COMMON_BLOCKS = YES;
				GCC_WARN_64_TO_32_BIT_CONVERSION = YES;
				GCC_WARN_ABOUT_RETURN_TYPE = YES_ERROR;
				GCC_WARN_UNDECLARED_SELECTOR = YES;
				GCC_WARN_UNINITIALIZED_AUTOS = YES_AGGRESSIVE;
				GCC_WARN_UNUSED_FUNCTION = YES;
				GCC_WARN_UNUSED_VARIABLE = YES;
				IPHONEOS_DEPLOYMENT_TARGET = 10.2;
				MTL_ENABLE_DEBUG_INFO = NO;
				SDKROOT = iphoneos;
				VALIDATE_PRODUCT = YES;
			};
			name = Release;
		};
		93D1AB911E8E2F9D00036B4D /* Debug */ = {
			isa = XCBuildConfiguration;
			buildSettings = {
				ASSETCATALOG_COMPILER_APPICON_NAME = AppIcon;
				DEVELOPMENT_TEAM = 2KN6539LSM;
				INFOPLIST_FILE = "WTCollectionView流水布局/Info.plist";
				LD_RUNPATH_SEARCH_PATHS = "$(inherited) @executable_path/Frameworks";
				PRODUCT_BUNDLE_IDENTIFIER = "wangtao.WTCollectionView----";
				PRODUCT_NAME = "$(TARGET_NAME)";
			};
			name = Debug;
		};
		93D1AB921E8E2F9D00036B4D /* Release */ = {
			isa = XCBuildConfiguration;
			buildSettings = {
				ASSETCATALOG_COMPILER_APPICON_NAME = AppIcon;
				DEVELOPMENT_TEAM = 2KN6539LSM;
				INFOPLIST_FILE = "WTCollectionView流水布局/Info.plist";
				LD_RUNPATH_SEARCH_PATHS = "$(inherited) @executable_path/Frameworks";
				PRODUCT_BUNDLE_IDENTIFIER = "wangtao.WTCollectionView----";
				PRODUCT_NAME = "$(TARGET_NAME)";
			};
			name = Release;
		};
/* End XCBuildConfiguration section */

/* Begin XCConfigurationList section */
		93D1AB741E8E2F9C00036B4D /* Build configuration list for PBXProject "WTCollectionView流水布局" */ = {
			isa = XCConfigurationList;
			buildConfigurations = (
				93D1AB8E1E8E2F9D00036B4D /* Debug */,
				93D1AB8F1E8E2F9D00036B4D /* Release */,
			);
			defaultConfigurationIsVisible = 0;
			defaultConfigurationName = Release;
		};
		93D1AB901E8E2F9D00036B4D /* Build configuration list for PBXNativeTarget "WTCollectionView流水布局" */ = {
			isa = XCConfigurationList;
			buildConfigurations = (
				93D1AB911E8E2F9D00036B4D /* Debug */,
				93D1AB921E8E2F9D00036B4D /* Release */,
			);
			defaultConfigurationIsVisible = 0;
		};
/* End XCConfigurationList section */
	};
	rootObject = 93D1AB711E8E2F9C00036B4D /* Project object */;
}
